
Microsoft Visual Studio Solution File, Format Version 12.00
# Visual Studio Version 17
VisualStudioVersion = 17.10.35122.118
MinimumVisualStudioVersion = 10.0.40219.1
Project("{FAE04EC0-301F-11D3-BF4B-00C04F79EFBC}") = "MVC", "MVC\MVC.csproj", "{4A076FD8-265C-4202-9405-0282A91C76CA}"
EndProject
Global
	GlobalSection(SolutionConfigurationPlatforms) = preSolution
		Debug|Any CPU = Debug|Any CPU
		Release|Any CPU = Release|Any CPU
	EndGlobalSection
	GlobalSection(ProjectConfigurationPlatforms) = postSolution
		{4A076FD8-265C-4202-9405-0282A91C76CA}.Debug|Any CPU.ActiveCfg = Debug|Any CPU
		{4A076FD8-265C-4202-9405-0282A91C76CA}.Debug|Any CPU.Build.0 = Debug|Any CPU
		{4A076FD8-265C-4202-9405-0282A91C76CA}.Release|Any CPU.ActiveCfg = Release|Any CPU
		{4A076FD8-265C-4202-9405-0282A91C76CA}.Release|Any CPU.Build.0 = Release|Any CPU
	EndGlobalSection
	GlobalSection(SolutionProperties) = preSolution
		HideSolutionNode = FALSE
	EndGlobalSection
	GlobalSection(ExtensibilityGlobals) = postSolution
		SolutionGuid = {B2D86718-0D94-4332-9628-99EA8C1E4E5D}
	EndGlobalSection
EndGlobal
